
Microsoft Visual Studio Solution File, Format Version 12.00
# Visual Studio 15
VisualStudioVersion = 15.0.26124.0
MinimumVisualStudioVersion = 15.0.26124.0
Project("{FAE04EC0-301F-11D3-BF4B-00C04F79EFBC}") = "Todo.Domain", "Todo.Domain\Todo.Domain.csproj", "{C3D8C5AF-7994-468F-AFC3-A03F739B9E9C}"
EndProject
Project("{FAE04EC0-301F-11D3-BF4B-00C04F79EFBC}") = "Todo.Domain.Api", "Todo.Domain.Api\Todo.Domain.Api.csproj", "{8C4C7979-A168-4762-976A-AE7EDE808860}"
EndProject
Project("{FAE04EC0-301F-11D3-BF4B-00C04F79EFBC}") = "Todo.Domain.Tests", "Todo.Domain.Tests\Todo.Domain.Tests.csproj", "{AB0ACDDF-66C9-4AEE-9698-235787FBC566}"
EndProject
Project("{FAE04EC0-301F-11D3-BF4B-00C04F79EFBC}") = "Todo.Domain.Infra", "Todo.Domain.Infra\Todo.Domain.Infra.csproj", "{99A44922-62DA-4A98-BB58-F421DD9410E8}"
EndProject
Global
	GlobalSection(SolutionConfigurationPlatforms) = preSolution
		Debug|Any CPU = Debug|Any CPU
		Debug|x64 = Debug|x64
		Debug|x86 = Debug|x86
		Release|Any CPU = Release|Any CPU
		Release|x64 = Release|x64
		Release|x86 = Release|x86
	EndGlobalSection
	GlobalSection(SolutionProperties) = preSolution
		HideSolutionNode = FALSE
	EndGlobalSection
	GlobalSection(ProjectConfigurationPlatforms) = postSolution
		{C3D8C5AF-7994-468F-AFC3-A03F739B9E9C}.Debug|Any CPU.ActiveCfg = Debug|Any CPU
		{C3D8C5AF-7994-468F-AFC3-A03F739B9E9C}.Debug|Any CPU.Build.0 = Debug|Any CPU
		{C3D8C5AF-7994-468F-AFC3-A03F739B9E9C}.Debug|x64.ActiveCfg = Debug|Any CPU
		{C3D8C5AF-7994-468F-AFC3-A03F739B9E9C}.Debug|x64.Build.0 = Debug|Any CPU
		{C3D8C5AF-7994-468F-AFC3-A03F739B9E9C}.Debug|x86.ActiveCfg = Debug|Any CPU
		{C3D8C5AF-7994-468F-AFC3-A03F739B9E9C}.Debug|x86.Build.0 = Debug|Any CPU
		{C3D8C5AF-7994-468F-AFC3-A03F739B9E9C}.Release|Any CPU.ActiveCfg = Release|Any CPU
		{C3D8C5AF-7994-468F-AFC3-A03F739B9E9C}.Release|Any CPU.Build.0 = Release|Any CPU
		{C3D8C5AF-7994-468F-AFC3-A03F739B9E9C}.Release|x64.ActiveCfg = Release|Any CPU
		{C3D8C5AF-7994-468F-AFC3-A03F739B9E9C}.Release|x64.Build.0 = Release|Any CPU
		{C3D8C5AF-7994-468F-AFC3-A03F739B9E9C}.Release|x86.ActiveCfg = Release|Any CPU
		{C3D8C5AF-7994-468F-AFC3-A03F739B9E9C}.Release|x86.Build.0 = Release|Any CPU
		{8C4C7979-A168-4762-976A-AE7EDE808860}.Debug|Any CPU.ActiveCfg = Debug|Any CPU
		{8C4C7979-A168-4762-976A-AE7EDE808860}.Debug|Any CPU.Build.0 = Debug|Any CPU
		{8C4C7979-A168-4762-976A-AE7EDE808860}.Debug|x64.ActiveCfg = Debug|Any CPU
		{8C4C7979-A168-4762-976A-AE7EDE808860}.Debug|x64.Build.0 = Debug|Any CPU
		{8C4C7979-A168-4762-976A-AE7EDE808860}.Debug|x86.ActiveCfg = Debug|Any CPU
		{8C4C7979-A168-4762-976A-AE7EDE808860}.Debug|x86.Build.0 = Debug|Any CPU
		{8C4C7979-A168-4762-976A-AE7EDE808860}.Release|Any CPU.ActiveCfg = Release|Any CPU
		{8C4C7979-A168-4762-976A-AE7EDE808860}.Release|Any CPU.Build.0 = Release|Any CPU
		{8C4C7979-A168-4762-976A-AE7EDE808860}.Release|x64.ActiveCfg = Release|Any CPU
		{8C4C7979-A168-4762-976A-AE7EDE808860}.Release|x64.Build.0 = Release|Any CPU
		{8C4C7979-A168-4762-976A-AE7EDE808860}.Release|x86.ActiveCfg = Release|Any CPU
		{8C4C7979-A168-4762-976A-AE7EDE808860}.Release|x86.Build.0 = Release|Any CPU
		{AB0ACDDF-66C9-4AEE-9698-235787FBC566}.Debug|Any CPU.ActiveCfg = Debug|Any CPU
		{AB0ACDDF-66C9-4AEE-9698-235787FBC566}.Debug|Any CPU.Build.0 = Debug|Any CPU
		{AB0ACDDF-66C9-4AEE-9698-235787FBC566}.Debug|x64.ActiveCfg = Debug|Any CPU
		{AB0ACDDF-66C9-4AEE-9698-235787FBC566}.Debug|x64.Build.0 = Debug|Any CPU
		{AB0ACDDF-66C9-4AEE-9698-235787FBC566}.Debug|x86.ActiveCfg = Debug|Any CPU
		{AB0ACDDF-66C9-4AEE-9698-235787FBC566}.Debug|x86.Build.0 = Debug|Any CPU
		{AB0ACDDF-66C9-4AEE-9698-235787FBC566}.Release|Any CPU.ActiveCfg = Release|Any CPU
		{AB0ACDDF-66C9-4AEE-9698-235787FBC566}.Release|Any CPU.Build.0 = Release|Any CPU
		{AB0ACDDF-66C9-4AEE-9698-235787FBC566}.Release|x64.ActiveCfg = Release|Any CPU
		{AB0ACDDF-66C9-4AEE-9698-235787FBC566}.Release|x64.Build.0 = Release|Any CPU
		{AB0ACDDF-66C9-4AEE-9698-235787FBC566}.Release|x86.ActiveCfg = Release|Any CPU
		{AB0ACDDF-66C9-4AEE-9698-235787FBC566}.Release|x86.Build.0 = Release|Any CPU
		{99A44922-62DA-4A98-BB58-F421DD9410E8}.Debug|Any CPU.ActiveCfg = Debug|Any CPU
		{99A44922-62DA-4A98-BB58-F421DD9410E8}.Debug|Any CPU.Build.0 = Debug|Any CPU
		{99A44922-62DA-4A98-BB58-F421DD9410E8}.Debug|x64.ActiveCfg = Debug|Any CPU
		{99A44922-62DA-4A98-BB58-F421DD9410E8}.Debug|x64.Build.0 = Debug|Any CPU
		{99A44922-62DA-4A98-BB58-F421DD9410E8}.Debug|x86.ActiveCfg = Debug|Any CPU
		{99A44922-62DA-4A98-BB58-F421DD9410E8}.Debug|x86.Build.0 = Debug|Any CPU
		{99A44922-62DA-4A98-BB58-F421DD9410E8}.Release|Any CPU.ActiveCfg = Release|Any CPU
		{99A44922-62DA-4A98-BB58-F421DD9410E8}.Release|Any CPU.Build.0 = Release|Any CPU
		{99A44922-62DA-4A98-BB58-F421DD9410E8}.Release|x64.ActiveCfg = Release|Any CPU
		{99A44922-62DA-4A98-BB58-F421DD9410E8}.Release|x64.Build.0 = Release|Any CPU
		{99A44922-62DA-4A98-BB58-F421DD9410E8}.Release|x86.ActiveCfg = Release|Any CPU
		{99A44922-62DA-4A98-BB58-F421DD9410E8}.Release|x86.Build.0 = Release|Any CPU
	EndGlobalSection
EndGlobal
